
Microsoft Visual Studio Solution File, Format Version 12.00
# Visual Studio Version 16
VisualStudioVersion = 16.0.29509.3
MinimumVisualStudioVersion = 10.0.40219.1
Project("{FAE04EC0-301F-11D3-BF4B-00C04F79EFBC}") = "BraspagTest", "BraspagTest\BraspagTest.csproj", "{48D5BF0B-D108-401B-A396-221AE6461629}"
EndProject
Global
	GlobalSection(SolutionConfigurationPlatforms) = preSolution
		Debug|Any CPU = Debug|Any CPU
		Release|Any CPU = Release|Any CPU
	EndGlobalSection
	GlobalSection(ProjectConfigurationPlatforms) = postSolution
		{48D5BF0B-D108-401B-A396-221AE6461629}.Debug|Any CPU.ActiveCfg = Debug|Any CPU
		{48D5BF0B-D108-401B-A396-221AE6461629}.Debug|Any CPU.Build.0 = Debug|Any CPU
		{48D5BF0B-D108-401B-A396-221AE6461629}.Release|Any CPU.ActiveCfg = Release|Any CPU
		{48D5BF0B-D108-401B-A396-221AE6461629}.Release|Any CPU.Build.0 = Release|Any CPU
	EndGlobalSection
	GlobalSection(SolutionProperties) = preSolution
		HideSolutionNode = FALSE
	EndGlobalSection
	GlobalSection(ExtensibilityGlobals) = postSolution
		SolutionGuid = {4A013475-E4B5-4346-B7F5-A584F219497E}
	EndGlobalSection
EndGlobal
